// !$*UTF8*$!
{
	archiveVersion = 1;
	classes = {
	};
	objectVersion = 56;
	objects = {

/* Begin PBXBuildFile section */
		5A2198A32A26932500B9E7B5 /* swiftuiarchApp.swift in Sources */ = {isa = PBXBuildFile; fileRef = 5A2198A22A26932500B9E7B5 /* swiftuiarchApp.swift */; };
		5A2198A52A26932500B9E7B5 /* ContentView.swift in Sources */ = {isa = PBXBuildFile; fileRef = 5A2198A42A26932500B9E7B5 /* ContentView.swift */; };
		5A2198A72A26932600B9E7B5 /* Assets.xcassets in Resources */ = {isa = PBXBuildFile; fileRef = 5A2198A62A26932600B9E7B5 /* Assets.xcassets */; };
		5A2198AB2A26932600B9E7B5 /* Preview Assets.xcassets in Resources */ = {isa = PBXBuildFile; fileRef = 5A2198AA2A26932600B9E7B5 /* Preview Assets.xcassets */; };
		5A2198B52A26932600B9E7B5 /* swiftuiarchTests.swift in Sources */ = {isa = PBXBuildFile; fileRef = 5A2198B42A26932600B9E7B5 /* swiftuiarchTests.swift */; };
		5A2198BF2A26932600B9E7B5 /* swiftuiarchUITests.swift in Sources */ = {isa = PBXBuildFile; fileRef = 5A2198BE2A26932600B9E7B5 /* swiftuiarchUITests.swift */; };
		5A2198C12A26932600B9E7B5 /* swiftuiarchUITestsLaunchTests.swift in Sources */ = {isa = PBXBuildFile; fileRef = 5A2198C02A26932600B9E7B5 /* swiftuiarchUITestsLaunchTests.swift */; };
/* End PBXBuildFile section */

/* Begin PBXContainerItemProxy section */
		5A2198B12A26932600B9E7B5 /* PBXContainerItemProxy */ = {
			isa = PBXContainerItemProxy;
			containerPortal = 5A2198972A26932500B9E7B5 /* Project object */;
			proxyType = 1;
			remoteGlobalIDString = 5A21989E2A26932500B9E7B5;
			remoteInfo = swiftuiarch;
		};
		5A2198BB2A26932600B9E7B5 /* PBXContainerItemProxy */ = {
			isa = PBXContainerItemProxy;
			containerPortal = 5A2198972A26932500B9E7B5 /* Project object */;
			proxyType = 1;
			remoteGlobalIDString = 5A21989E2A26932500B9E7B5;
			remoteInfo = swiftuiarch;
		};
/* End PBXContainerItemProxy section */

/* Begin PBXFileReference section */
		5A21989F2A26932500B9E7B5 /* swiftuiarch.app */ = {isa = PBXFileReference; explicitFileType = wrapper.application; includeInIndex = 0; path = swiftuiarch.app; sourceTree = BUILT_PRODUCTS_DIR; };
		5A2198A22A26932500B9E7B5 /* swiftuiarchApp.swift */ = {isa = PBXFileReference; lastKnownFileType = sourcecode.swift; path = swiftuiarchApp.swift; sourceTree = "<group>"; };
		5A2198A42A26932500B9E7B5 /* ContentView.swift */ = {isa = PBXFileReference; lastKnownFileType = sourcecode.swift; path = ContentView.swift; sourceTree = "<group>"; };
		5A2198A62A26932600B9E7B5 /* Assets.xcassets */ = {isa = PBXFileReference; lastKnownFileType = folder.assetcatalog; path = Assets.xcassets; sourceTree = "<group>"; };
		5A2198A82A26932600B9E7B5 /* swiftuiarch.entitlements */ = {isa = PBXFileReference; lastKnownFileType = text.plist.entitlements; path = swiftuiarch.entitlements; sourceTree = "<group>"; };
		5A2198AA2A26932600B9E7B5 /* Preview Assets.xcassets */ = {isa = PBXFileReference; lastKnownFileType = folder.assetcatalog; path = "Preview Assets.xcassets"; sourceTree = "<group>"; };
		5A2198B02A26932600B9E7B5 /* swiftuiarchTests.xctest */ = {isa = PBXFileReference; explicitFileType = wrapper.cfbundle; includeInIndex = 0; path = swiftuiarchTests.xctest; sourceTree = BUILT_PRODUCTS_DIR; };
		5A2198B42A26932600B9E7B5 /* swiftuiarchTests.swift */ = {isa = PBXFileReference; lastKnownFileType = sourcecode.swift; path = swiftuiarchTests.swift; sourceTree = "<group>"; };
		5A2198BA2A26932600B9E7B5 /* swiftuiarchUITests.xctest */ = {isa = PBXFileReference; explicitFileType = wrapper.cfbundle; includeInIndex = 0; path = swiftuiarchUITests.xctest; sourceTree = BUILT_PRODUCTS_DIR; };
		5A2198BE2A26932600B9E7B5 /* swiftuiarchUITests.swift */ = {isa = PBXFileReference; lastKnownFileType = sourcecode.swift; path = swiftuiarchUITests.swift; sourceTree = "<group>"; };
		5A2198C02A26932600B9E7B5 /* swiftuiarchUITestsLaunchTests.swift */ = {isa = PBXFileReference; lastKnownFileType = sourcecode.swift; path = swiftuiarchUITestsLaunchTests.swift; sourceTree = "<group>"; };
/* End PBXFileReference section */

/* Begin PBXFrameworksBuildPhase section */
		5A21989C2A26932500B9E7B5 /* Frameworks */ = {
			isa = PBXFrameworksBuildPhase;
			buildActionMask = 2147483647;
			files = (
			);
			runOnlyForDeploymentPostprocessing = 0;
		};
		5A2198AD2A26932600B9E7B5 /* Frameworks */ = {
			isa = PBXFrameworksBuildPhase;
			buildActionMask = 2147483647;
			files = (
			);
			runOnlyForDeploymentPostprocessing = 0;
		};
		5A2198B72A26932600B9E7B5 /* Frameworks */ = {
			isa = PBXFrameworksBuildPhase;
			buildActionMask = 2147483647;
			files = (
			);
			runOnlyForDeploymentPostprocessing = 0;
		};
/* End PBXFrameworksBuildPhase section */

/* Begin PBXGroup section */
		5A2198962A26932500B9E7B5 = {
			isa = PBXGroup;
			children = (
				5A2198A12A26932500B9E7B5 /* swiftuiarch */,
				5A2198B32A26932600B9E7B5 /* swiftuiarchTests */,
				5A2198BD2A26932600B9E7B5 /* swiftuiarchUITests */,
				5A2198A02A26932500B9E7B5 /* Products */,
			);
			sourceTree = "<group>";
		};
		5A2198A02A26932500B9E7B5 /* Products */ = {
			isa = PBXGroup;
			children = (
				5A21989F2A26932500B9E7B5 /* swiftuiarch.app */,
				5A2198B02A26932600B9E7B5 /* swiftuiarchTests.xctest */,
				5A2198BA2A26932600B9E7B5 /* swiftuiarchUITests.xctest */,
			);
			name = Products;
			sourceTree = "<group>";
		};
		5A2198A12A26932500B9E7B5 /* swiftuiarch */ = {
			isa = PBXGroup;
			children = (
				5A2198A22A26932500B9E7B5 /* swiftuiarchApp.swift */,
				5A2198A42A26932500B9E7B5 /* ContentView.swift */,
				5A2198A62A26932600B9E7B5 /* Assets.xcassets */,
				5A2198A82A26932600B9E7B5 /* swiftuiarch.entitlements */,
				5A2198A92A26932600B9E7B5 /* Preview Content */,
			);
			path = swiftuiarch;
			sourceTree = "<group>";
		};
		5A2198A92A26932600B9E7B5 /* Preview Content */ = {
			isa = PBXGroup;
			children = (
				5A2198AA2A26932600B9E7B5 /* Preview Assets.xcassets */,
			);
			path = "Preview Content";
			sourceTree = "<group>";
		};
		5A2198B32A26932600B9E7B5 /* swiftuiarchTests */ = {
			isa = PBXGroup;
			children = (
				5A2198B42A26932600B9E7B5 /* swiftuiarchTests.swift */,
			);
			path = swiftuiarchTests;
			sourceTree = "<group>";
		};
		5A2198BD2A26932600B9E7B5 /* swiftuiarchUITests */ = {
			isa = PBXGroup;
			children = (
				5A2198BE2A26932600B9E7B5 /* swiftuiarchUITests.swift */,
				5A2198C02A26932600B9E7B5 /* swiftuiarchUITestsLaunchTests.swift */,
			);
			path = swiftuiarchUITests;
			sourceTree = "<group>";
		};
/* End PBXGroup section */

/* Begin PBXNativeTarget section */
		5A21989E2A26932500B9E7B5 /* swiftuiarch */ = {
			isa = PBXNativeTarget;
			buildConfigurationList = 5A2198C42A26932600B9E7B5 /* Build configuration list for PBXNativeTarget "swiftuiarch" */;
			buildPhases = (
				5A21989B2A26932500B9E7B5 /* Sources */,
				5A21989C2A26932500B9E7B5 /* Frameworks */,
				5A21989D2A26932500B9E7B5 /* Resources */,
			);
			buildRules = (
			);
			dependencies = (
			);
			name = swiftuiarch;
			productName = swiftuiarch;
			productReference = 5A21989F2A26932500B9E7B5 /* swiftuiarch.app */;
			productType = "com.apple.product-type.application";
		};
		5A2198AF2A26932600B9E7B5 /* swiftuiarchTests */ = {
			isa = PBXNativeTarget;
			buildConfigurationList = 5A2198C72A26932600B9E7B5 /* Build configuration list for PBXNativeTarget "swiftuiarchTests" */;
			buildPhases = (
				5A2198AC2A26932600B9E7B5 /* Sources */,
				5A2198AD2A26932600B9E7B5 /* Frameworks */,
				5A2198AE2A26932600B9E7B5 /* Resources */,
			);
			buildRules = (
			);
			dependencies = (
				5A2198B22A26932600B9E7B5 /* PBXTargetDependency */,
			);
			name = swiftuiarchTests;
			productName = swiftuiarchTests;
			productReference = 5A2198B02A26932600B9E7B5 /* swiftuiarchTests.xctest */;
			productType = "com.apple.product-type.bundle.unit-test";
		};
		5A2198B92A26932600B9E7B5 /* swiftuiarchUITests */ = {
			isa = PBXNativeTarget;
			buildConfigurationList = 5A2198CA2A26932600B9E7B5 /* Build configuration list for PBXNativeTarget "swiftuiarchUITests" */;
			buildPhases = (
				5A2198B62A26932600B9E7B5 /* Sources */,
				5A2198B72A26932600B9E7B5 /* Frameworks */,
				5A2198B82A26932600B9E7B5 /* Resources */,
			);
			buildRules = (
			);
			dependencies = (
				5A2198BC2A26932600B9E7B5 /* PBXTargetDependency */,
			);
			name = swiftuiarchUITests;
			productName = swiftuiarchUITests;
			productReference = 5A2198BA2A26932600B9E7B5 /* swiftuiarchUITests.xctest */;
			productType = "com.apple.product-type.bundle.ui-testing";
		};
/* End PBXNativeTarget section */

/* Begin PBXProject section */
		5A2198972A26932500B9E7B5 /* Project object */ = {
			isa = PBXProject;
			attributes = {
				BuildIndependentTargetsInParallel = 1;
				LastSwiftUpdateCheck = 1420;
				LastUpgradeCheck = 1420;
				TargetAttributes = {
					5A21989E2A26932500B9E7B5 = {
						CreatedOnToolsVersion = 14.2;
					};
					5A2198AF2A26932600B9E7B5 = {
						CreatedOnToolsVersion = 14.2;
						TestTargetID = 5A21989E2A26932500B9E7B5;
					};
					5A2198B92A26932600B9E7B5 = {
						CreatedOnToolsVersion = 14.2;
						TestTargetID = 5A21989E2A26932500B9E7B5;
					};
				};
			};
			buildConfigurationList = 5A21989A2A26932500B9E7B5 /* Build configuration list for PBXProject "swiftuiarch" */;
			compatibilityVersion = "Xcode 14.0";
			developmentRegion = en;
			hasScannedForEncodings = 0;
			knownRegions = (
				en,
				Base,
			);
			mainGroup = 5A2198962A26932500B9E7B5;
			productRefGroup = 5A2198A02A26932500B9E7B5 /* Products */;
			projectDirPath = "";
			projectRoot = "";
			targets = (
				5A21989E2A26932500B9E7B5 /* swiftuiarch */,
				5A2198AF2A26932600B9E7B5 /* swiftuiarchTests */,
				5A2198B92A26932600B9E7B5 /* swiftuiarchUITests */,
			);
		};
/* End PBXProject section */

/* Begin PBXResourcesBuildPhase section */
		5A21989D2A26932500B9E7B5 /* Resources */ = {
			isa = PBXResourcesBuildPhase;
			buildActionMask = 2147483647;
			files = (
				5A2198AB2A26932600B9E7B5 /* Preview Assets.xcassets in Resources */,
				5A2198A72A26932600B9E7B5 /* Assets.xcassets in Resources */,
			);
			runOnlyForDeploymentPostprocessing = 0;
		};
		5A2198AE2A26932600B9E7B5 /* Resources */ = {
			isa = PBXResourcesBuildPhase;
			buildActionMask = 2147483647;
			files = (
			);
			runOnlyForDeploymentPostprocessing = 0;
		};
		5A2198B82A26932600B9E7B5 /* Resources */ = {
			isa = PBXResourcesBuildPhase;
			buildActionMask = 2147483647;
			files = (
			);
			runOnlyForDeploymentPostprocessing = 0;
		};
/* End PBXResourcesBuildPhase section */

/* Begin PBXSourcesBuildPhase section */
		5A21989B2A26932500B9E7B5 /* Sources */ = {
			isa = PBXSourcesBuildPhase;
			buildActionMask = 2147483647;
			files = (
				5A2198A52A26932500B9E7B5 /* ContentView.swift in Sources */,
				5A2198A32A26932500B9E7B5 /* swiftuiarchApp.swift in Sources */,
			);
			runOnlyForDeploymentPostprocessing = 0;
		};
		5A2198AC2A26932600B9E7B5 /* Sources */ = {
			isa = PBXSourcesBuildPhase;
			buildActionMask = 2147483647;
			files = (
				5A2198B52A26932600B9E7B5 /* swiftuiarchTests.swift in Sources */,
			);
			runOnlyForDeploymentPostprocessing = 0;
		};
		5A2198B62A26932600B9E7B5 /* Sources */ = {
			isa = PBXSourcesBuildPhase;
			buildActionMask = 2147483647;
			files = (
				5A2198C12A26932600B9E7B5 /* swiftuiarchUITestsLaunchTests.swift in Sources */,
				5A2198BF2A26932600B9E7B5 /* swiftuiarchUITests.swift in Sources */,
			);
			runOnlyForDeploymentPostprocessing = 0;
		};
/* End PBXSourcesBuildPhase section */

/* Begin PBXTargetDependency section */
		5A2198B22A26932600B9E7B5 /* PBXTargetDependency */ = {
			isa = PBXTargetDependency;
			target = 5A21989E2A26932500B9E7B5 /* swiftuiarch */;
			targetProxy = 5A2198B12A26932600B9E7B5 /* PBXContainerItemProxy */;
		};
		5A2198BC2A26932600B9E7B5 /* PBXTargetDependency */ = {
			isa = PBXTargetDependency;
			target = 5A21989E2A26932500B9E7B5 /* swiftuiarch */;
			targetProxy = 5A2198BB2A26932600B9E7B5 /* PBXContainerItemProxy */;
		};
/* End PBXTargetDependency section */

/* Begin XCBuildConfiguration section */
		5A2198C22A26932600B9E7B5 /* Debug */ = {
			isa = XCBuildConfiguration;
			buildSettings = {
				ALWAYS_SEARCH_USER_PATHS = NO;
				CLANG_ANALYZER_NONNULL = YES;
				CLANG_ANALYZER_NUMBER_OBJECT_CONVERSION = YES_AGGRESSIVE;
				CLANG_CXX_LANGUAGE_STANDARD = "gnu++20";
				CLANG_ENABLE_MODULES = YES;
				CLANG_ENABLE_OBJC_ARC = YES;
				CLANG_ENABLE_OBJC_WEAK = YES;
				CLANG_WARN_BLOCK_CAPTURE_AUTORELEASING = YES;
				CLANG_WARN_BOOL_CONVERSION = YES;
				CLANG_WARN_COMMA = YES;
				CLANG_WARN_CONSTANT_CONVERSION = YES;
				CLANG_WARN_DEPRECATED_OBJC_IMPLEMENTATIONS = YES;
				CLANG_WARN_DIRECT_OBJC_ISA_USAGE = YES_ERROR;
				CLANG_WARN_DOCUMENTATION_COMMENTS = YES;
				CLANG_WARN_EMPTY_BODY = YES;
				CLANG_WARN_ENUM_CONVERSION = YES;
				CLANG_WARN_INFINITE_RECURSION = YES;
				CLANG_WARN_INT_CONVERSION = YES;
				CLANG_WARN_NON_LITERAL_NULL_CONVERSION = YES;
				CLANG_WARN_OBJC_IMPLICIT_RETAIN_SELF = YES;
				CLANG_WARN_OBJC_LITERAL_CONVERSION = YES;
				CLANG_WARN_OBJC_ROOT_CLASS = YES_ERROR;
				CLANG_WARN_QUOTED_INCLUDE_IN_FRAMEWORK_HEADER = YES;
				CLANG_WARN_RANGE_LOOP_ANALYSIS = YES;
				CLANG_WARN_STRICT_PROTOTYPES = YES;
				CLANG_WARN_SUSPICIOUS_MOVE = YES;
				CLANG_WARN_UNGUARDED_AVAILABILITY = YES_AGGRESSIVE;
				CLANG_WARN_UNREACHABLE_CODE = YES;
				CLANG_WARN__DUPLICATE_METHOD_MATCH = YES;
				COPY_PHASE_STRIP = NO;
				DEBUG_INFORMATION_FORMAT = dwarf;
				ENABLE_STRICT_OBJC_MSGSEND = YES;
				ENABLE_TESTABILITY = YES;
				GCC_C_LANGUAGE_STANDARD = gnu11;
				GCC_DYNAMIC_NO_PIC = NO;
				GCC_NO_COMMON_BLOCKS = YES;
				GCC_OPTIMIZATION_LEVEL = 0;
				GCC_PREPROCESSOR_DEFINITIONS = (
					"DEBUG=1",
					"$(inherited)",
				);
				GCC_WARN_64_TO_32_BIT_CONVERSION = YES;
				GCC_WARN_ABOUT_RETURN_TYPE = YES_ERROR;
				GCC_WARN_UNDECLARED_SELECTOR = YES;
				GCC_WARN_UNINITIALIZED_AUTOS = YES_AGGRESSIVE;
				GCC_WARN_UNUSED_FUNCTION = YES;
				GCC_WARN_UNUSED_VARIABLE = YES;
				MTL_ENABLE_DEBUG_INFO = INCLUDE_SOURCE;
				MTL_FAST_MATH = YES;
				ONLY_ACTIVE_ARCH = YES;
				SWIFT_ACTIVE_COMPILATION_CONDITIONS = DEBUG;
				SWIFT_OPTIMIZATION_LEVEL = "-Onone";
			};
			name = Debug;
		};
		5A2198C32A26932600B9E7B5 /* Release */ = {
			isa = XCBuildConfiguration;
			buildSettings = {
				ALWAYS_SEARCH_USER_PATHS = NO;
				CLANG_ANALYZER_NONNULL = YES;
				CLANG_ANALYZER_NUMBER_OBJECT_CONVERSION = YES_AGGRESSIVE;
				CLANG_CXX_LANGUAGE_STANDARD = "gnu++20";
				CLANG_ENABLE_MODULES = YES;
				CLANG_ENABLE_OBJC_ARC = YES;
				CLANG_ENABLE_OBJC_WEAK = YES;
				CLANG_WARN_BLOCK_CAPTURE_AUTORELEASING = YES;
				CLANG_WARN_BOOL_CONVERSION = YES;
				CLANG_WARN_COMMA = YES;
				CLANG_WARN_CONSTANT_CONVERSION = YES;
				CLANG_WARN_DEPRECATED_OBJC_IMPLEMENTATIONS = YES;
				CLANG_WARN_DIRECT_OBJC_ISA_USAGE = YES_ERROR;
				CLANG_WARN_DOCUMENTATION_COMMENTS = YES;
				CLANG_WARN_EMPTY_BODY = YES;
				CLANG_WARN_ENUM_CONVERSION = YES;
				CLANG_WARN_INFINITE_RECURSION = YES;
				CLANG_WARN_INT_CONVERSION = YES;
				CLANG_WARN_NON_LITERAL_NULL_CONVERSION = YES;
				CLANG_WARN_OBJC_IMPLICIT_RETAIN_SELF = YES;
				CLANG_WARN_OBJC_LITERAL_CONVERSION = YES;
				CLANG_WARN_OBJC_ROOT_CLASS = YES_ERROR;
				CLANG_WARN_QUOTED_INCLUDE_IN_FRAMEWORK_HEADER = YES;
				CLANG_WARN_RANGE_LOOP_ANALYSIS = YES;
				CLANG_WARN_STRICT_PROTOTYPES = YES;
				CLANG_WARN_SUSPICIOUS_MOVE = YES;
				CLANG_WARN_UNGUARDED_AVAILABILITY = YES_AGGRESSIVE;
				CLANG_WARN_UNREACHABLE_CODE = YES;
				CLANG_WARN__DUPLICATE_METHOD_MATCH = YES;
				COPY_PHASE_STRIP = NO;
				DEBUG_INFORMATION_FORMAT = "dwarf-with-dsym";
				ENABLE_NS_ASSERTIONS = NO;
				ENABLE_STRICT_OBJC_MSGSEND = YES;
				GCC_C_LANGUAGE_STANDARD = gnu11;
				GCC_NO_COMMON_BLOCKS = YES;
				GCC_WARN_64_TO_32_BIT_CONVERSION = YES;
				GCC_WARN_ABOUT_RETURN_TYPE = YES_ERROR;
				GCC_WARN_UNDECLARED_SELECTOR = YES;
				GCC_WARN_UNINITIALIZED_AUTOS = YES_AGGRESSIVE;
				GCC_WARN_UNUSED_FUNCTION = YES;
				GCC_WARN_UNUSED_VARIABLE = YES;
				MTL_ENABLE_DEBUG_INFO = NO;
				MTL_FAST_MATH = YES;
				SWIFT_COMPILATION_MODE = wholemodule;
				SWIFT_OPTIMIZATION_LEVEL = "-O";
			};
			name = Release;
		};
		5A2198C52A26932600B9E7B5 /* Debug */ = {
			isa = XCBuildConfiguration;
			buildSettings = {
				ASSETCATALOG_COMPILER_APPICON_NAME = AppIcon;
				ASSETCATALOG_COMPILER_GLOBAL_ACCENT_COLOR_NAME = AccentColor;
				CODE_SIGN_ENTITLEMENTS = swiftuiarch/swiftuiarch.entitlements;
				CODE_SIGN_STYLE = Automatic;
				CURRENT_PROJECT_VERSION = 1;
				DEVELOPMENT_ASSET_PATHS = "\"swiftuiarch/Preview Content\"";
				DEVELOPMENT_TEAM = U4TMN58RNK;
				ENABLE_HARDENED_RUNTIME = YES;
				ENABLE_PREVIEWS = YES;
				GENERATE_INFOPLIST_FILE = YES;
				"INFOPLIST_KEY_UIApplicationSceneManifest_Generation[sdk=iphoneos*]" = YES;
				"INFOPLIST_KEY_UIApplicationSceneManifest_Generation[sdk=iphonesimulator*]" = YES;
				"INFOPLIST_KEY_UIApplicationSupportsIndirectInputEvents[sdk=iphoneos*]" = YES;
				"INFOPLIST_KEY_UIApplicationSupportsIndirectInputEvents[sdk=iphonesimulator*]" = YES;
				"INFOPLIST_KEY_UILaunchScreen_Generation[sdk=iphoneos*]" = YES;
				"INFOPLIST_KEY_UILaunchScreen_Generation[sdk=iphonesimulator*]" = YES;
				"INFOPLIST_KEY_UIStatusBarStyle[sdk=iphoneos*]" = UIStatusBarStyleDefault;
				"INFOPLIST_KEY_UIStatusBarStyle[sdk=iphonesimulator*]" = UIStatusBarStyleDefault;
				INFOPLIST_KEY_UISupportedInterfaceOrientations_iPad = "UIInterfaceOrientationPortrait UIInterfaceOrientationPortraitUpsideDown UIInterfaceOrientationLandscapeLeft UIInterfaceOrientationLandscapeRight";
				INFOPLIST_KEY_UISupportedInterfaceOrientations_iPhone = "UIInterfaceOrientationPortrait UIInterfaceOrientationLandscapeLeft UIInterfaceOrientationLandscapeRight";
				IPHONEOS_DEPLOYMENT_TARGET = 16.2;
				LD_RUNPATH_SEARCH_PATHS = "@executable_path/Frameworks";
				"LD_RUNPATH_SEARCH_PATHS[sdk=macosx*]" = "@executable_path/../Frameworks";
				MACOSX_DEPLOYMENT_TARGET = 13.1;
				MARKETING_VERSION = 1.0;
				PRODUCT_BUNDLE_IDENTIFIER = com.adn.swiftuiarch;
				PRODUCT_NAME = "$(TARGET_NAME)";
				SDKROOT = auto;
				SUPPORTED_PLATFORMS = "iphoneos iphonesimulator macosx";
				SWIFT_EMIT_LOC_STRINGS = YES;
				SWIFT_VERSION = 5.0;
				TARGETED_DEVICE_FAMILY = "1,2";
			};
			name = Debug;
		};
		5A2198C62A26932600B9E7B5 /* Release */ = {
			isa = XCBuildConfiguration;
			buildSettings = {
				ASSETCATALOG_COMPILER_APPICON_NAME = AppIcon;
				ASSETCATALOG_COMPILER_GLOBAL_ACCENT_COLOR_NAME = AccentColor;
				CODE_SIGN_ENTITLEMENTS = swiftuiarch/swiftuiarch.entitlements;
				CODE_SIGN_STYLE = Automatic;
				CURRENT_PROJECT_VERSION = 1;
				DEVELOPMENT_ASSET_PATHS = "\"swiftuiarch/Preview Content\"";
				DEVELOPMENT_TEAM = U4TMN58RNK;
				ENABLE_HARDENED_RUNTIME = YES;
				ENABLE_PREVIEWS = YES;
				GENERATE_INFOPLIST_FILE = YES;
				"INFOPLIST_KEY_UIApplicationSceneManifest_Generation[sdk=iphoneos*]" = YES;
				"INFOPLIST_KEY_UIApplicationSceneManifest_Generation[sdk=iphonesimulator*]" = YES;
				"INFOPLIST_KEY_UIApplicationSupportsIndirectInputEvents[sdk=iphoneos*]" = YES;
				"INFOPLIST_KEY_UIApplicationSupportsIndirectInputEvents[sdk=iphonesimulator*]" = YES;
				"INFOPLIST_KEY_UILaunchScreen_Generation[sdk=iphoneos*]" = YES;
				"INFOPLIST_KEY_UILaunchScreen_Generation[sdk=iphonesimulator*]" = YES;
				"INFOPLIST_KEY_UIStatusBarStyle[sdk=iphoneos*]" = UIStatusBarStyleDefault;
				"INFOPLIST_KEY_UIStatusBarStyle[sdk=iphonesimulator*]" = UIStatusBarStyleDefault;
				INFOPLIST_KEY_UISupportedInterfaceOrientations_iPad = "UIInterfaceOrientationPortrait UIInterfaceOrientationPortraitUpsideDown UIInterfaceOrientationLandscapeLeft UIInterfaceOrientationLandscapeRight";
				INFOPLIST_KEY_UISupportedInterfaceOrientations_iPhone = "UIInterfaceOrientationPortrait UIInterfaceOrientationLandscapeLeft UIInterfaceOrientationLandscapeRight";
				IPHONEOS_DEPLOYMENT_TARGET = 16.2;
				LD_RUNPATH_SEARCH_PATHS = "@executable_path/Frameworks";
				"LD_RUNPATH_SEARCH_PATHS[sdk=macosx*]" = "@executable_path/../Frameworks";
				MACOSX_DEPLOYMENT_TARGET = 13.1;
				MARKETING_VERSION = 1.0;
				PRODUCT_BUNDLE_IDENTIFIER = com.adn.swiftuiarch;
				PRODUCT_NAME = "$(TARGET_NAME)";
				SDKROOT = auto;
				SUPPORTED_PLATFORMS = "iphoneos iphonesimulator macosx";
				SWIFT_EMIT_LOC_STRINGS = YES;
				SWIFT_VERSION = 5.0;
				TARGETED_DEVICE_FAMILY = "1,2";
			};
			name = Release;
		};
		5A2198C82A26932600B9E7B5 /* Debug */ = {
			isa = XCBuildConfiguration;
			buildSettings = {
				ALWAYS_EMBED_SWIFT_STANDARD_LIBRARIES = YES;
				BUNDLE_LOADER = "$(TEST_HOST)";
				CODE_SIGN_STYLE = Automatic;
				CURRENT_PROJECT_VERSION = 1;
				DEVELOPMENT_TEAM = U4TMN58RNK;
				GENERATE_INFOPLIST_FILE = YES;
				IPHONEOS_DEPLOYMENT_TARGET = 16.2;
				MACOSX_DEPLOYMENT_TARGET = 13.1;
				MARKETING_VERSION = 1.0;
				PRODUCT_BUNDLE_IDENTIFIER = com.adn.swiftuiarchTests;
				PRODUCT_NAME = "$(TARGET_NAME)";
				SDKROOT = auto;
				SUPPORTED_PLATFORMS = "iphoneos iphonesimulator macosx";
				SWIFT_EMIT_LOC_STRINGS = NO;
				SWIFT_VERSION = 5.0;
				TARGETED_DEVICE_FAMILY = "1,2";
				TEST_HOST = "$(BUILT_PRODUCTS_DIR)/swiftuiarch.app/$(BUNDLE_EXECUTABLE_FOLDER_PATH)/swiftuiarch";
			};
			name = Debug;
		};
		5A2198C92A26932600B9E7B5 /* Release */ = {
			isa = XCBuildConfiguration;
			buildSettings = {
				ALWAYS_EMBED_SWIFT_STANDARD_LIBRARIES = YES;
				BUNDLE_LOADER = "$(TEST_HOST)";
				CODE_SIGN_STYLE = Automatic;
				CURRENT_PROJECT_VERSION = 1;
				DEVELOPMENT_TEAM = U4TMN58RNK;
				GENERATE_INFOPLIST_FILE = YES;
				IPHONEOS_DEPLOYMENT_TARGET = 16.2;
				MACOSX_DEPLOYMENT_TARGET = 13.1;
				MARKETING_VERSION = 1.0;
				PRODUCT_BUNDLE_IDENTIFIER = com.adn.swiftuiarchTests;
				PRODUCT_NAME = "$(TARGET_NAME)";
				SDKROOT = auto;
				SUPPORTED_PLATFORMS = "iphoneos iphonesimulator macosx";
				SWIFT_EMIT_LOC_STRINGS = NO;
				SWIFT_VERSION = 5.0;
				TARGETED_DEVICE_FAMILY = "1,2";
				TEST_HOST = "$(BUILT_PRODUCTS_DIR)/swiftuiarch.app/$(BUNDLE_EXECUTABLE_FOLDER_PATH)/swiftuiarch";
			};
			name = Release;
		};
		5A2198CB2A26932600B9E7B5 /* Debug */ = {
			isa = XCBuildConfiguration;
			buildSettings = {
				ALWAYS_EMBED_SWIFT_STANDARD_LIBRARIES = YES;
				CODE_SIGN_STYLE = Automatic;
				CURRENT_PROJECT_VERSION = 1;
				DEVELOPMENT_TEAM = U4TMN58RNK;
				GENERATE_INFOPLIST_FILE = YES;
				IPHONEOS_DEPLOYMENT_TARGET = 16.2;
				MACOSX_DEPLOYMENT_TARGET = 13.1;
				MARKETING_VERSION = 1.0;
				PRODUCT_BUNDLE_IDENTIFIER = com.adn.swiftuiarchUITests;
				PRODUCT_NAME = "$(TARGET_NAME)";
				SDKROOT = auto;
				SUPPORTED_PLATFORMS = "iphoneos iphonesimulator macosx";
				SWIFT_EMIT_LOC_STRINGS = NO;
				SWIFT_VERSION = 5.0;
				TARGETED_DEVICE_FAMILY = "1,2";
				TEST_TARGET_NAME = swiftuiarch;
			};
			name = Debug;
		};
		5A2198CC2A26932600B9E7B5 /* Release */ = {
			isa = XCBuildConfiguration;
			buildSettings = {
				ALWAYS_EMBED_SWIFT_STANDARD_LIBRARIES = YES;
				CODE_SIGN_STYLE = Automatic;
				CURRENT_PROJECT_VERSION = 1;
				DEVELOPMENT_TEAM = U4TMN58RNK;
				GENERATE_INFOPLIST_FILE = YES;
				IPHONEOS_DEPLOYMENT_TARGET = 16.2;
				MACOSX_DEPLOYMENT_TARGET = 13.1;
				MARKETING_VERSION = 1.0;
				PRODUCT_BUNDLE_IDENTIFIER = com.adn.swiftuiarchUITests;
				PRODUCT_NAME = "$(TARGET_NAME)";
				SDKROOT = auto;
				SUPPORTED_PLATFORMS = "iphoneos iphonesimulator macosx";
				SWIFT_EMIT_LOC_STRINGS = NO;
				SWIFT_VERSION = 5.0;
				TARGETED_DEVICE_FAMILY = "1,2";
				TEST_TARGET_NAME = swiftuiarch;
			};
			name = Release;
		};
/* End XCBuildConfiguration section */

/* Begin XCConfigurationList section */
		5A21989A2A26932500B9E7B5 /* Build configuration list for PBXProject "swiftuiarch" */ = {
			isa = XCConfigurationList;
			buildConfigurations = (
				5A2198C22A26932600B9E7B5 /* Debug */,
				5A2198C32A26932600B9E7B5 /* Release */,
			);
			defaultConfigurationIsVisible = 0;
			defaultConfigurationName = Release;
		};
		5A2198C42A26932600B9E7B5 /* Build configuration list for PBXNativeTarget "swiftuiarch" */ = {
			isa = XCConfigurationList;
			buildConfigurations = (
				5A2198C52A26932600B9E7B5 /* Debug */,
				5A2198C62A26932600B9E7B5 /* Release */,
			);
			defaultConfigurationIsVisible = 0;
			defaultConfigurationName = Release;
		};
		5A2198C72A26932600B9E7B5 /* Build configuration list for PBXNativeTarget "swiftuiarchTests" */ = {
			isa = XCConfigurationList;
			buildConfigurations = (
				5A2198C82A26932600B9E7B5 /* Debug */,
				5A2198C92A26932600B9E7B5 /* Release */,
			);
			defaultConfigurationIsVisible = 0;
			defaultConfigurationName = Release;
		};
		5A2198CA2A26932600B9E7B5 /* Build configuration list for PBXNativeTarget "swiftuiarchUITests" */ = {
			isa = XCConfigurationList;
			buildConfigurations = (
				5A2198CB2A26932600B9E7B5 /* Debug */,
				5A2198CC2A26932600B9E7B5 /* Release */,
			);
			defaultConfigurationIsVisible = 0;
			defaultConfigurationName = Release;
		};
/* End XCConfigurationList section */
	};
	rootObject = 5A2198972A26932500B9E7B5 /* Project object */;
}
